// !$*UTF8*$!
{
	archiveVersion = 1;
	classes = {
	};
	objectVersion = 50;
	objects = {

/* Begin PBXBuildFile section */
		739883D726C6753000C3ECCD /* AppDelegate.swift in Sources */ = {isa = PBXBuildFile; fileRef = 739883D626C6753000C3ECCD /* AppDelegate.swift */; };
		739883D926C6753000C3ECCD /* SceneDelegate.swift in Sources */ = {isa = PBXBuildFile; fileRef = 739883D826C6753000C3ECCD /* SceneDelegate.swift */; };
		739883DB26C6753000C3ECCD /* ViewController.swift in Sources */ = {isa = PBXBuildFile; fileRef = 739883DA26C6753000C3ECCD /* ViewController.swift */; };
		739883DE26C6753000C3ECCD /* Main.storyboard in Resources */ = {isa = PBXBuildFile; fileRef = 739883DC26C6753000C3ECCD /* Main.storyboard */; };
		739883E026C6753100C3ECCD /* Assets.xcassets in Resources */ = {isa = PBXBuildFile; fileRef = 739883DF26C6753100C3ECCD /* Assets.xcassets */; };
		739883E326C6753100C3ECCD /* LaunchScreen.storyboard in Resources */ = {isa = PBXBuildFile; fileRef = 739883E126C6753100C3ECCD /* LaunchScreen.storyboard */; };
		739883EB26C6753F00C3ECCD /* SJCenterFlowLayout.swift in Sources */ = {isa = PBXBuildFile; fileRef = 739883EA26C6753F00C3ECCD /* SJCenterFlowLayout.swift */; };
/* End PBXBuildFile section */

/* Begin PBXFileReference section */
		739883D326C6753000C3ECCD /* crouselAffect.app */ = {isa = PBXFileReference; explicitFileType = wrapper.application; includeInIndex = 0; path = crouselAffect.app; sourceTree = BUILT_PRODUCTS_DIR; };
		739883D626C6753000C3ECCD /* AppDelegate.swift */ = {isa = PBXFileReference; lastKnownFileType = sourcecode.swift; path = AppDelegate.swift; sourceTree = "<group>"; };
		739883D826C6753000C3ECCD /* SceneDelegate.swift */ = {isa = PBXFileReference; lastKnownFileType = sourcecode.swift; path = SceneDelegate.swift; sourceTree = "<group>"; };
		739883DA26C6753000C3ECCD /* ViewController.swift */ = {isa = PBXFileReference; lastKnownFileType = sourcecode.swift; path = ViewController.swift; sourceTree = "<group>"; };
		739883DD26C6753000C3ECCD /* Base */ = {isa = PBXFileReference; lastKnownFileType = file.storyboard; name = Base; path = Base.lproj/Main.storyboard; sourceTree = "<group>"; };
		739883DF26C6753100C3ECCD /* Assets.xcassets */ = {isa = PBXFileReference; lastKnownFileType = folder.assetcatalog; path = Assets.xcassets; sourceTree = "<group>"; };
		739883E226C6753100C3ECCD /* Base */ = {isa = PBXFileReference; lastKnownFileType = file.storyboard; name = Base; path = Base.lproj/LaunchScreen.storyboard; sourceTree = "<group>"; };
		739883E426C6753100C3ECCD /* Info.plist */ = {isa = PBXFileReference; lastKnownFileType = text.plist.xml; path = Info.plist; sourceTree = "<group>"; };
		739883EA26C6753F00C3ECCD /* SJCenterFlowLayout.swift */ = {isa = PBXFileReference; fileEncoding = 4; lastKnownFileType = sourcecode.swift; path = SJCenterFlowLayout.swift; sourceTree = "<group>"; };
/* End PBXFileReference section */

/* Begin PBXFrameworksBuildPhase section */
		739883D026C6753000C3ECCD /* Frameworks */ = {
			isa = PBXFrameworksBuildPhase;
			buildActionMask = 2147483647;
			files = (
			);
			runOnlyForDeploymentPostprocessing = 0;
		};
/* End PBXFrameworksBuildPhase section */

/* Begin PBXGroup section */
		739883CA26C6752F00C3ECCD = {
			isa = PBXGroup;
			children = (
				739883D526C6753000C3ECCD /* crouselAffect */,
				739883D426C6753000C3ECCD /* Products */,
			);
			sourceTree = "<group>";
		};
		739883D426C6753000C3ECCD /* Products */ = {
			isa = PBXGroup;
			children = (
				739883D326C6753000C3ECCD /* crouselAffect.app */,
			);
			name = Products;
			sourceTree = "<group>";
		};
		739883D526C6753000C3ECCD /* crouselAffect */ = {
			isa = PBXGroup;
			children = (
				739883D626C6753000C3ECCD /* AppDelegate.swift */,
				739883D826C6753000C3ECCD /* SceneDelegate.swift */,
				739883DA26C6753000C3ECCD /* ViewController.swift */,
				739883EA26C6753F00C3ECCD /* SJCenterFlowLayout.swift */,
				739883DC26C6753000C3ECCD /* Main.storyboard */,
				739883DF26C6753100C3ECCD /* Assets.xcassets */,
				739883E126C6753100C3ECCD /* LaunchScreen.storyboard */,
				739883E426C6753100C3ECCD /* Info.plist */,
			);
			path = crouselAffect;
			sourceTree = "<group>";
		};
/* End PBXGroup section */

/* Begin PBXNativeTarget section */
		739883D226C6753000C3ECCD /* crouselAffect */ = {
			isa = PBXNativeTarget;
			buildConfigurationList = 739883E726C6753100C3ECCD /* Build configuration list for PBXNativeTarget "crouselAffect" */;
			buildPhases = (
				739883CF26C6753000C3ECCD /* Sources */,
				739883D026C6753000C3ECCD /* Frameworks */,
				739883D126C6753000C3ECCD /* Resources */,
			);
			buildRules = (
			);
			dependencies = (
			);
			name = crouselAffect;
			productName = crouselAffect;
			productReference = 739883D326C6753000C3ECCD /* crouselAffect.app */;
			productType = "com.apple.product-type.application";
		};
/* End PBXNativeTarget section */

/* Begin PBXProject section */
		739883CB26C6752F00C3ECCD /* Project object */ = {
			isa = PBXProject;
			attributes = {
				LastSwiftUpdateCheck = 1250;
				LastUpgradeCheck = 1250;
				TargetAttributes = {
					739883D226C6753000C3ECCD = {
						CreatedOnToolsVersion = 12.5.1;
					};
				};
			};
			buildConfigurationList = 739883CE26C6752F00C3ECCD /* Build configuration list for PBXProject "crouselAffect" */;
			compatibilityVersion = "Xcode 9.3";
			developmentRegion = en;
			hasScannedForEncodings = 0;
			knownRegions = (
				en,
				Base,
			);
			mainGroup = 739883CA26C6752F00C3ECCD;
			productRefGroup = 739883D426C6753000C3ECCD /* Products */;
			projectDirPath = "";
			projectRoot = "";
			targets = (
				739883D226C6753000C3ECCD /* crouselAffect */,
			);
		};
/* End PBXProject section */

/* Begin PBXResourcesBuildPhase section */
		739883D126C6753000C3ECCD /* Resources */ = {
			isa = PBXResourcesBuildPhase;
			buildActionMask = 2147483647;
			files = (
				739883E326C6753100C3ECCD /* LaunchScreen.storyboard in Resources */,
				739883E026C6753100C3ECCD /* Assets.xcassets in Resources */,
				739883DE26C6753000C3ECCD /* Main.storyboard in Resources */,
			);
			runOnlyForDeploymentPostprocessing = 0;
		};
/* End PBXResourcesBuildPhase section */

/* Begin PBXSourcesBuildPhase section */
		739883CF26C6753000C3ECCD /* Sources */ = {
			isa = PBXSourcesBuildPhase;
			buildActionMask = 2147483647;
			files = (
				739883DB26C6753000C3ECCD /* ViewController.swift in Sources */,
				739883D726C6753000C3ECCD /* AppDelegate.swift in Sources */,
				739883D926C6753000C3ECCD /* SceneDelegate.swift in Sources */,
				739883EB26C6753F00C3ECCD /* SJCenterFlowLayout.swift in Sources */,
			);
			runOnlyForDeploymentPostprocessing = 0;
		};
/* End PBXSourcesBuildPhase section */

/* Begin PBXVariantGroup section */
		739883DC26C6753000C3ECCD /* Main.storyboard */ = {
			isa = PBXVariantGroup;
			children = (
				739883DD26C6753000C3ECCD /* Base */,
			);
			name = Main.storyboard;
			sourceTree = "<group>";
		};
		739883E126C6753100C3ECCD /* LaunchScreen.storyboard */ = {
			isa = PBXVariantGroup;
			children = (
				739883E226C6753100C3ECCD /* Base */,
			);
			name = LaunchScreen.storyboard;
			sourceTree = "<group>";
		};
/* End PBXVariantGroup section */

/* Begin XCBuildConfiguration section */
		739883E526C6753100C3ECCD /* Debug */ = {
			isa = XCBuildConfiguration;
			buildSettings = {
				ALWAYS_SEARCH_USER_PATHS = NO;
				CLANG_ANALYZER_NONNULL = YES;
				CLANG_ANALYZER_NUMBER_OBJECT_CONVERSION = YES_AGGRESSIVE;
				CLANG_CXX_LANGUAGE_STANDARD = "gnu++14";
				CLANG_CXX_LIBRARY = "libc++";
				CLANG_ENABLE_MODULES = YES;
				CLANG_ENABLE_OBJC_ARC = YES;
				CLANG_ENABLE_OBJC_WEAK = YES;
				CLANG_WARN_BLOCK_CAPTURE_AUTORELEASING = YES;
				CLANG_WARN_BOOL_CONVERSION = YES;
				CLANG_WARN_COMMA = YES;
				CLANG_WARN_CONSTANT_CONVERSION = YES;
				CLANG_WARN_DEPRECATED_OBJC_IMPLEMENTATIONS = YES;
				CLANG_WARN_DIRECT_OBJC_ISA_USAGE = YES_ERROR;
				CLANG_WARN_DOCUMENTATION_COMMENTS = YES;
				CLANG_WARN_EMPTY_BODY = YES;
				CLANG_WARN_ENUM_CONVERSION = YES;
				CLANG_WARN_INFINITE_RECURSION = YES;
				CLANG_WARN_INT_CONVERSION = YES;
				CLANG_WARN_NON_LITERAL_NULL_CONVERSION = YES;
				CLANG_WARN_OBJC_IMPLICIT_RETAIN_SELF = YES;
				CLANG_WARN_OBJC_LITERAL_CONVERSION = YES;
				CLANG_WARN_OBJC_ROOT_CLASS = YES_ERROR;
				CLANG_WARN_QUOTED_INCLUDE_IN_FRAMEWORK_HEADER = YES;
				CLANG_WARN_RANGE_LOOP_ANALYSIS = YES;
				CLANG_WARN_STRICT_PROTOTYPES = YES;
				CLANG_WARN_SUSPICIOUS_MOVE = YES;
				CLANG_WARN_UNGUARDED_AVAILABILITY = YES_AGGRESSIVE;
				CLANG_WARN_UNREACHABLE_CODE = YES;
				CLANG_WARN__DUPLICATE_METHOD_MATCH = YES;
				COPY_PHASE_STRIP = NO;
				DEBUG_INFORMATION_FORMAT = dwarf;
				ENABLE_STRICT_OBJC_MSGSEND = YES;
				ENABLE_TESTABILITY = YES;
				GCC_C_LANGUAGE_STANDARD = gnu11;
				GCC_DYNAMIC_NO_PIC = NO;
				GCC_NO_COMMON_BLOCKS = YES;
				GCC_OPTIMIZATION_LEVEL = 0;
				GCC_PREPROCESSOR_DEFINITIONS = (
					"DEBUG=1",
					"$(inherited)",
				);
				GCC_WARN_64_TO_32_BIT_CONVERSION = YES;
				GCC_WARN_ABOUT_RETURN_TYPE = YES_ERROR;
				GCC_WARN_UNDECLARED_SELECTOR = YES;
				GCC_WARN_UNINITIALIZED_AUTOS = YES_AGGRESSIVE;
				GCC_WARN_UNUSED_FUNCTION = YES;
				GCC_WARN_UNUSED_VARIABLE = YES;
				IPHONEOS_DEPLOYMENT_TARGET = 14.5;
				MTL_ENABLE_DEBUG_INFO = INCLUDE_SOURCE;
				MTL_FAST_MATH = YES;
				ONLY_ACTIVE_ARCH = YES;
				SDKROOT = iphoneos;
				SWIFT_ACTIVE_COMPILATION_CONDITIONS = DEBUG;
				SWIFT_OPTIMIZATION_LEVEL = "-Onone";
			};
			name = Debug;
		};
		739883E626C6753100C3ECCD /* Release */ = {
			isa = XCBuildConfiguration;
			buildSettings = {
				ALWAYS_SEARCH_USER_PATHS = NO;
				CLANG_ANALYZER_NONNULL = YES;
				CLANG_ANALYZER_NUMBER_OBJECT_CONVERSION = YES_AGGRESSIVE;
				CLANG_CXX_LANGUAGE_STANDARD = "gnu++14";
				CLANG_CXX_LIBRARY = "libc++";
				CLANG_ENABLE_MODULES = YES;
				CLANG_ENABLE_OBJC_ARC = YES;
				CLANG_ENABLE_OBJC_WEAK = YES;
				CLANG_WARN_BLOCK_CAPTURE_AUTORELEASING = YES;
				CLANG_WARN_BOOL_CONVERSION = YES;
				CLANG_WARN_COMMA = YES;
				CLANG_WARN_CONSTANT_CONVERSION = YES;
				CLANG_WARN_DEPRECATED_OBJC_IMPLEMENTATIONS = YES;
				CLANG_WARN_DIRECT_OBJC_ISA_USAGE = YES_ERROR;
				CLANG_WARN_DOCUMENTATION_COMMENTS = YES;
				CLANG_WARN_EMPTY_BODY = YES;
				CLANG_WARN_ENUM_CONVERSION = YES;
				CLANG_WARN_INFINITE_RECURSION = YES;
				CLANG_WARN_INT_CONVERSION = YES;
				CLANG_WARN_NON_LITERAL_NULL_CONVERSION = YES;
				CLANG_WARN_OBJC_IMPLICIT_RETAIN_SELF = YES;
				CLANG_WARN_OBJC_LITERAL_CONVERSION = YES;
				CLANG_WARN_OBJC_ROOT_CLASS = YES_ERROR;
				CLANG_WARN_QUOTED_INCLUDE_IN_FRAMEWORK_HEADER = YES;
				CLANG_WARN_RANGE_LOOP_ANALYSIS = YES;
				CLANG_WARN_STRICT_PROTOTYPES = YES;
				CLANG_WARN_SUSPICIOUS_MOVE = YES;
				CLANG_WARN_UNGUARDED_AVAILABILITY = YES_AGGRESSIVE;
				CLANG_WARN_UNREACHABLE_CODE = YES;
				CLANG_WARN__DUPLICATE_METHOD_MATCH = YES;
				COPY_PHASE_STRIP = NO;
				DEBUG_INFORMATION_FORMAT = "dwarf-with-dsym";
				ENABLE_NS_ASSERTIONS = NO;
				ENABLE_STRICT_OBJC_MSGSEND = YES;
				GCC_C_LANGUAGE_STANDARD = gnu11;
				GCC_NO_COMMON_BLOCKS = YES;
				GCC_WARN_64_TO_32_BIT_CONVERSION = YES;
				GCC_WARN_ABOUT_RETURN_TYPE = YES_ERROR;
				GCC_WARN_UNDECLARED_SELECTOR = YES;
				GCC_WARN_UNINITIALIZED_AUTOS = YES_AGGRESSIVE;
				GCC_WARN_UNUSED_FUNCTION = YES;
				GCC_WARN_UNUSED_VARIABLE = YES;
				IPHONEOS_DEPLOYMENT_TARGET = 14.5;
				MTL_ENABLE_DEBUG_INFO = NO;
				MTL_FAST_MATH = YES;
				SDKROOT = iphoneos;
				SWIFT_COMPILATION_MODE = wholemodule;
				SWIFT_OPTIMIZATION_LEVEL = "-O";
				VALIDATE_PRODUCT = YES;
			};
			name = Release;
		};
		739883E826C6753100C3ECCD /* Debug */ = {
			isa = XCBuildConfiguration;
			buildSettings = {
				ASSETCATALOG_COMPILER_APPICON_NAME = AppIcon;
				ASSETCATALOG_COMPILER_GLOBAL_ACCENT_COLOR_NAME = AccentColor;
				CODE_SIGN_STYLE = Automatic;
				DEVELOPMENT_TEAM = WV3DL6QLG2;
				INFOPLIST_FILE = crouselAffect/Info.plist;
				LD_RUNPATH_SEARCH_PATHS = (
					"$(inherited)",
					"@executable_path/Frameworks",
				);
				PRODUCT_BUNDLE_IDENTIFIER = com.crouselAffect;
				PRODUCT_NAME = "$(TARGET_NAME)";
				SWIFT_VERSION = 5.0;
				TARGETED_DEVICE_FAMILY = "1,2";
			};
			name = Debug;
		};
		739883E926C6753100C3ECCD /* Release */ = {
			isa = XCBuildConfiguration;
			buildSettings = {
				ASSETCATALOG_COMPILER_APPICON_NAME = AppIcon;
				ASSETCATALOG_COMPILER_GLOBAL_ACCENT_COLOR_NAME = AccentColor;
				CODE_SIGN_STYLE = Automatic;
				DEVELOPMENT_TEAM = WV3DL6QLG2;
				INFOPLIST_FILE = crouselAffect/Info.plist;
				LD_RUNPATH_SEARCH_PATHS = (
					"$(inherited)",
					"@executable_path/Frameworks",
				);
				PRODUCT_BUNDLE_IDENTIFIER = com.crouselAffect;
				PRODUCT_NAME = "$(TARGET_NAME)";
				SWIFT_VERSION = 5.0;
				TARGETED_DEVICE_FAMILY = "1,2";
			};
			name = Release;
		};
/* End XCBuildConfiguration section */

/* Begin XCConfigurationList section */
		739883CE26C6752F00C3ECCD /* Build configuration list for PBXProject "crouselAffect" */ = {
			isa = XCConfigurationList;
			buildConfigurations = (
				739883E526C6753100C3ECCD /* Debug */,
				739883E626C6753100C3ECCD /* Release */,
			);
			defaultConfigurationIsVisible = 0;
			defaultConfigurationName = Release;
		};
		739883E726C6753100C3ECCD /* Build configuration list for PBXNativeTarget "crouselAffect" */ = {
			isa = XCConfigurationList;
			buildConfigurations = (
				739883E826C6753100C3ECCD /* Debug */,
				739883E926C6753100C3ECCD /* Release */,
			);
			defaultConfigurationIsVisible = 0;
			defaultConfigurationName = Release;
		};
/* End XCConfigurationList section */
	};
	rootObject = 739883CB26C6752F00C3ECCD /* Project object */;
}
