// !$*UTF8*$!
{
	archiveVersion = 1;
	classes = {
	};
	objectVersion = 50;
	objects = {

/* Begin PBXBuildFile section */
		73777A6226C4F72A00DBA038 /* AppDelegate.swift in Sources */ = {isa = PBXBuildFile; fileRef = 73777A6126C4F72A00DBA038 /* AppDelegate.swift */; };
		73777A6426C4F72A00DBA038 /* ViewController.swift in Sources */ = {isa = PBXBuildFile; fileRef = 73777A6326C4F72A00DBA038 /* ViewController.swift */; };
		73777A6726C4F72A00DBA038 /* Main.storyboard in Resources */ = {isa = PBXBuildFile; fileRef = 73777A6526C4F72A00DBA038 /* Main.storyboard */; };
		73777A6926C4F72D00DBA038 /* Assets.xcassets in Resources */ = {isa = PBXBuildFile; fileRef = 73777A6826C4F72D00DBA038 /* Assets.xcassets */; };
		73777A6C26C4F72D00DBA038 /* LaunchScreen.storyboard in Resources */ = {isa = PBXBuildFile; fileRef = 73777A6A26C4F72D00DBA038 /* LaunchScreen.storyboard */; };
		73777A7426C4F8AC00DBA038 /* navigation.swift in Sources */ = {isa = PBXBuildFile; fileRef = 73777A7326C4F8AC00DBA038 /* navigation.swift */; };
		73777A7926C54E1500DBA038 /* MyCollectionView.swift in Sources */ = {isa = PBXBuildFile; fileRef = 73777A7826C54E1500DBA038 /* MyCollectionView.swift */; };
		739883C626C659EA00C3ECCD /* iCarousel.m in Sources */ = {isa = PBXBuildFile; fileRef = 739883C526C659EA00C3ECCD /* iCarousel.m */; };
		739883C926C6743300C3ECCD /* SJCenterFlowLayout.swift in Sources */ = {isa = PBXBuildFile; fileRef = 739883C826C6743300C3ECCD /* SJCenterFlowLayout.swift */; };
		739883EF26C6774F00C3ECCD /* ImageCell.swift in Sources */ = {isa = PBXBuildFile; fileRef = 739883ED26C6774F00C3ECCD /* ImageCell.swift */; };
		739883F026C6774F00C3ECCD /* ImageCell.xib in Resources */ = {isa = PBXBuildFile; fileRef = 739883EE26C6774F00C3ECCD /* ImageCell.xib */; };
/* End PBXBuildFile section */

/* Begin PBXFileReference section */
		73777A5E26C4F72A00DBA038 /* kse.app */ = {isa = PBXFileReference; explicitFileType = wrapper.application; includeInIndex = 0; path = kse.app; sourceTree = BUILT_PRODUCTS_DIR; };
		73777A6126C4F72A00DBA038 /* AppDelegate.swift */ = {isa = PBXFileReference; lastKnownFileType = sourcecode.swift; path = AppDelegate.swift; sourceTree = "<group>"; };
		73777A6326C4F72A00DBA038 /* ViewController.swift */ = {isa = PBXFileReference; lastKnownFileType = sourcecode.swift; path = ViewController.swift; sourceTree = "<group>"; };
		73777A6626C4F72A00DBA038 /* Base */ = {isa = PBXFileReference; lastKnownFileType = file.storyboard; name = Base; path = Base.lproj/Main.storyboard; sourceTree = "<group>"; };
		73777A6826C4F72D00DBA038 /* Assets.xcassets */ = {isa = PBXFileReference; lastKnownFileType = folder.assetcatalog; path = Assets.xcassets; sourceTree = "<group>"; };
		73777A6B26C4F72D00DBA038 /* Base */ = {isa = PBXFileReference; lastKnownFileType = file.storyboard; name = Base; path = Base.lproj/LaunchScreen.storyboard; sourceTree = "<group>"; };
		73777A6D26C4F72D00DBA038 /* Info.plist */ = {isa = PBXFileReference; lastKnownFileType = text.plist.xml; path = Info.plist; sourceTree = "<group>"; };
		73777A7326C4F8AC00DBA038 /* navigation.swift */ = {isa = PBXFileReference; lastKnownFileType = sourcecode.swift; path = navigation.swift; sourceTree = "<group>"; };
		73777A7826C54E1500DBA038 /* MyCollectionView.swift */ = {isa = PBXFileReference; lastKnownFileType = sourcecode.swift; path = MyCollectionView.swift; sourceTree = "<group>"; };
		739883C326C659CF00C3ECCD /* iCarousel.h */ = {isa = PBXFileReference; fileEncoding = 4; lastKnownFileType = sourcecode.c.h; path = iCarousel.h; sourceTree = "<group>"; };
		739883C426C659E900C3ECCD /* kse-Bridging-Header.h */ = {isa = PBXFileReference; lastKnownFileType = sourcecode.c.h; path = "kse-Bridging-Header.h"; sourceTree = "<group>"; };
		739883C526C659EA00C3ECCD /* iCarousel.m */ = {isa = PBXFileReference; fileEncoding = 4; lastKnownFileType = sourcecode.c.objc; path = iCarousel.m; sourceTree = "<group>"; };
		739883C826C6743300C3ECCD /* SJCenterFlowLayout.swift */ = {isa = PBXFileReference; fileEncoding = 4; lastKnownFileType = sourcecode.swift; path = SJCenterFlowLayout.swift; sourceTree = "<group>"; };
		739883ED26C6774F00C3ECCD /* ImageCell.swift */ = {isa = PBXFileReference; lastKnownFileType = sourcecode.swift; path = ImageCell.swift; sourceTree = "<group>"; };
		739883EE26C6774F00C3ECCD /* ImageCell.xib */ = {isa = PBXFileReference; lastKnownFileType = file.xib; path = ImageCell.xib; sourceTree = "<group>"; };
/* End PBXFileReference section */

/* Begin PBXFrameworksBuildPhase section */
		73777A5B26C4F72A00DBA038 /* Frameworks */ = {
			isa = PBXFrameworksBuildPhase;
			buildActionMask = 2147483647;
			files = (
			);
			runOnlyForDeploymentPostprocessing = 0;
		};
/* End PBXFrameworksBuildPhase section */

/* Begin PBXGroup section */
		73777A5526C4F72A00DBA038 = {
			isa = PBXGroup;
			children = (
				73777A6026C4F72A00DBA038 /* kse */,
				73777A5F26C4F72A00DBA038 /* Products */,
			);
			sourceTree = "<group>";
		};
		73777A5F26C4F72A00DBA038 /* Products */ = {
			isa = PBXGroup;
			children = (
				73777A5E26C4F72A00DBA038 /* kse.app */,
			);
			name = Products;
			sourceTree = "<group>";
		};
		73777A6026C4F72A00DBA038 /* kse */ = {
			isa = PBXGroup;
			children = (
				739883EC26C6772500C3ECCD /* CustomCell */,
				739883C726C6741700C3ECCD /* CustomClass */,
				73777A7526C4F8BB00DBA038 /* Navigation */,
				73777A6126C4F72A00DBA038 /* AppDelegate.swift */,
				73777A6326C4F72A00DBA038 /* ViewController.swift */,
				739883C326C659CF00C3ECCD /* iCarousel.h */,
				739883C526C659EA00C3ECCD /* iCarousel.m */,
				73777A6526C4F72A00DBA038 /* Main.storyboard */,
				73777A7826C54E1500DBA038 /* MyCollectionView.swift */,
				73777A6826C4F72D00DBA038 /* Assets.xcassets */,
				73777A6A26C4F72D00DBA038 /* LaunchScreen.storyboard */,
				73777A6D26C4F72D00DBA038 /* Info.plist */,
				739883C426C659E900C3ECCD /* kse-Bridging-Header.h */,
			);
			path = kse;
			sourceTree = "<group>";
		};
		73777A7526C4F8BB00DBA038 /* Navigation */ = {
			isa = PBXGroup;
			children = (
				73777A7326C4F8AC00DBA038 /* navigation.swift */,
			);
			path = Navigation;
			sourceTree = "<group>";
		};
		739883C726C6741700C3ECCD /* CustomClass */ = {
			isa = PBXGroup;
			children = (
				739883C826C6743300C3ECCD /* SJCenterFlowLayout.swift */,
			);
			path = CustomClass;
			sourceTree = "<group>";
		};
		739883EC26C6772500C3ECCD /* CustomCell */ = {
			isa = PBXGroup;
			children = (
				739883ED26C6774F00C3ECCD /* ImageCell.swift */,
				739883EE26C6774F00C3ECCD /* ImageCell.xib */,
			);
			path = CustomCell;
			sourceTree = "<group>";
		};
/* End PBXGroup section */

/* Begin PBXNativeTarget section */
		73777A5D26C4F72A00DBA038 /* kse */ = {
			isa = PBXNativeTarget;
			buildConfigurationList = 73777A7026C4F72D00DBA038 /* Build configuration list for PBXNativeTarget "kse" */;
			buildPhases = (
				73777A5A26C4F72A00DBA038 /* Sources */,
				73777A5B26C4F72A00DBA038 /* Frameworks */,
				73777A5C26C4F72A00DBA038 /* Resources */,
			);
			buildRules = (
			);
			dependencies = (
			);
			name = kse;
			productName = kse;
			productReference = 73777A5E26C4F72A00DBA038 /* kse.app */;
			productType = "com.apple.product-type.application";
		};
/* End PBXNativeTarget section */

/* Begin PBXProject section */
		73777A5626C4F72A00DBA038 /* Project object */ = {
			isa = PBXProject;
			attributes = {
				LastSwiftUpdateCheck = 1250;
				LastUpgradeCheck = 1250;
				TargetAttributes = {
					73777A5D26C4F72A00DBA038 = {
						CreatedOnToolsVersion = 12.5.1;
						LastSwiftMigration = 1250;
					};
				};
			};
			buildConfigurationList = 73777A5926C4F72A00DBA038 /* Build configuration list for PBXProject "kse" */;
			compatibilityVersion = "Xcode 9.3";
			developmentRegion = en;
			hasScannedForEncodings = 0;
			knownRegions = (
				en,
				Base,
			);
			mainGroup = 73777A5526C4F72A00DBA038;
			productRefGroup = 73777A5F26C4F72A00DBA038 /* Products */;
			projectDirPath = "";
			projectRoot = "";
			targets = (
				73777A5D26C4F72A00DBA038 /* kse */,
			);
		};
/* End PBXProject section */

/* Begin PBXResourcesBuildPhase section */
		73777A5C26C4F72A00DBA038 /* Resources */ = {
			isa = PBXResourcesBuildPhase;
			buildActionMask = 2147483647;
			files = (
				73777A6C26C4F72D00DBA038 /* LaunchScreen.storyboard in Resources */,
				739883F026C6774F00C3ECCD /* ImageCell.xib in Resources */,
				73777A6926C4F72D00DBA038 /* Assets.xcassets in Resources */,
				73777A6726C4F72A00DBA038 /* Main.storyboard in Resources */,
			);
			runOnlyForDeploymentPostprocessing = 0;
		};
/* End PBXResourcesBuildPhase section */

/* Begin PBXSourcesBuildPhase section */
		73777A5A26C4F72A00DBA038 /* Sources */ = {
			isa = PBXSourcesBuildPhase;
			buildActionMask = 2147483647;
			files = (
				73777A6426C4F72A00DBA038 /* ViewController.swift in Sources */,
				739883C926C6743300C3ECCD /* SJCenterFlowLayout.swift in Sources */,
				739883C626C659EA00C3ECCD /* iCarousel.m in Sources */,
				73777A7426C4F8AC00DBA038 /* navigation.swift in Sources */,
				73777A7926C54E1500DBA038 /* MyCollectionView.swift in Sources */,
				739883EF26C6774F00C3ECCD /* ImageCell.swift in Sources */,
				73777A6226C4F72A00DBA038 /* AppDelegate.swift in Sources */,
			);
			runOnlyForDeploymentPostprocessing = 0;
		};
/* End PBXSourcesBuildPhase section */

/* Begin PBXVariantGroup section */
		73777A6526C4F72A00DBA038 /* Main.storyboard */ = {
			isa = PBXVariantGroup;
			children = (
				73777A6626C4F72A00DBA038 /* Base */,
			);
			name = Main.storyboard;
			sourceTree = "<group>";
		};
		73777A6A26C4F72D00DBA038 /* LaunchScreen.storyboard */ = {
			isa = PBXVariantGroup;
			children = (
				73777A6B26C4F72D00DBA038 /* Base */,
			);
			name = LaunchScreen.storyboard;
			sourceTree = "<group>";
		};
/* End PBXVariantGroup section */

/* Begin XCBuildConfiguration section */
		73777A6E26C4F72D00DBA038 /* Debug */ = {
			isa = XCBuildConfiguration;
			buildSettings = {
				ALWAYS_SEARCH_USER_PATHS = NO;
				CLANG_ANALYZER_NONNULL = YES;
				CLANG_ANALYZER_NUMBER_OBJECT_CONVERSION = YES_AGGRESSIVE;
				CLANG_CXX_LANGUAGE_STANDARD = "gnu++14";
				CLANG_CXX_LIBRARY = "libc++";
				CLANG_ENABLE_MODULES = YES;
				CLANG_ENABLE_OBJC_ARC = YES;
				CLANG_ENABLE_OBJC_WEAK = YES;
				CLANG_WARN_BLOCK_CAPTURE_AUTORELEASING = YES;
				CLANG_WARN_BOOL_CONVERSION = YES;
				CLANG_WARN_COMMA = YES;
				CLANG_WARN_CONSTANT_CONVERSION = YES;
				CLANG_WARN_DEPRECATED_OBJC_IMPLEMENTATIONS = YES;
				CLANG_WARN_DIRECT_OBJC_ISA_USAGE = YES_ERROR;
				CLANG_WARN_DOCUMENTATION_COMMENTS = YES;
				CLANG_WARN_EMPTY_BODY = YES;
				CLANG_WARN_ENUM_CONVERSION = YES;
				CLANG_WARN_INFINITE_RECURSION = YES;
				CLANG_WARN_INT_CONVERSION = YES;
				CLANG_WARN_NON_LITERAL_NULL_CONVERSION = YES;
				CLANG_WARN_OBJC_IMPLICIT_RETAIN_SELF = YES;
				CLANG_WARN_OBJC_LITERAL_CONVERSION = YES;
				CLANG_WARN_OBJC_ROOT_CLASS = YES_ERROR;
				CLANG_WARN_QUOTED_INCLUDE_IN_FRAMEWORK_HEADER = YES;
				CLANG_WARN_RANGE_LOOP_ANALYSIS = YES;
				CLANG_WARN_STRICT_PROTOTYPES = YES;
				CLANG_WARN_SUSPICIOUS_MOVE = YES;
				CLANG_WARN_UNGUARDED_AVAILABILITY = YES_AGGRESSIVE;
				CLANG_WARN_UNREACHABLE_CODE = YES;
				CLANG_WARN__DUPLICATE_METHOD_MATCH = YES;
				COPY_PHASE_STRIP = NO;
				DEBUG_INFORMATION_FORMAT = dwarf;
				ENABLE_STRICT_OBJC_MSGSEND = YES;
				ENABLE_TESTABILITY = YES;
				GCC_C_LANGUAGE_STANDARD = gnu11;
				GCC_DYNAMIC_NO_PIC = NO;
				GCC_NO_COMMON_BLOCKS = YES;
				GCC_OPTIMIZATION_LEVEL = 0;
				GCC_PREPROCESSOR_DEFINITIONS = (
					"DEBUG=1",
					"$(inherited)",
				);
				GCC_WARN_64_TO_32_BIT_CONVERSION = YES;
				GCC_WARN_ABOUT_RETURN_TYPE = YES_ERROR;
				GCC_WARN_UNDECLARED_SELECTOR = YES;
				GCC_WARN_UNINITIALIZED_AUTOS = YES_AGGRESSIVE;
				GCC_WARN_UNUSED_FUNCTION = YES;
				GCC_WARN_UNUSED_VARIABLE = YES;
				MTL_ENABLE_DEBUG_INFO = INCLUDE_SOURCE;
				MTL_FAST_MATH = YES;
				ONLY_ACTIVE_ARCH = YES;
				SDKROOT = appletvos;
				SWIFT_ACTIVE_COMPILATION_CONDITIONS = DEBUG;
				SWIFT_OPTIMIZATION_LEVEL = "-Onone";
				TVOS_DEPLOYMENT_TARGET = 14.5;
			};
			name = Debug;
		};
		73777A6F26C4F72D00DBA038 /* Release */ = {
			isa = XCBuildConfiguration;
			buildSettings = {
				ALWAYS_SEARCH_USER_PATHS = NO;
				CLANG_ANALYZER_NONNULL = YES;
				CLANG_ANALYZER_NUMBER_OBJECT_CONVERSION = YES_AGGRESSIVE;
				CLANG_CXX_LANGUAGE_STANDARD = "gnu++14";
				CLANG_CXX_LIBRARY = "libc++";
				CLANG_ENABLE_MODULES = YES;
				CLANG_ENABLE_OBJC_ARC = YES;
				CLANG_ENABLE_OBJC_WEAK = YES;
				CLANG_WARN_BLOCK_CAPTURE_AUTORELEASING = YES;
				CLANG_WARN_BOOL_CONVERSION = YES;
				CLANG_WARN_COMMA = YES;
				CLANG_WARN_CONSTANT_CONVERSION = YES;
				CLANG_WARN_DEPRECATED_OBJC_IMPLEMENTATIONS = YES;
				CLANG_WARN_DIRECT_OBJC_ISA_USAGE = YES_ERROR;
				CLANG_WARN_DOCUMENTATION_COMMENTS = YES;
				CLANG_WARN_EMPTY_BODY = YES;
				CLANG_WARN_ENUM_CONVERSION = YES;
				CLANG_WARN_INFINITE_RECURSION = YES;
				CLANG_WARN_INT_CONVERSION = YES;
				CLANG_WARN_NON_LITERAL_NULL_CONVERSION = YES;
				CLANG_WARN_OBJC_IMPLICIT_RETAIN_SELF = YES;
				CLANG_WARN_OBJC_LITERAL_CONVERSION = YES;
				CLANG_WARN_OBJC_ROOT_CLASS = YES_ERROR;
				CLANG_WARN_QUOTED_INCLUDE_IN_FRAMEWORK_HEADER = YES;
				CLANG_WARN_RANGE_LOOP_ANALYSIS = YES;
				CLANG_WARN_STRICT_PROTOTYPES = YES;
				CLANG_WARN_SUSPICIOUS_MOVE = YES;
				CLANG_WARN_UNGUARDED_AVAILABILITY = YES_AGGRESSIVE;
				CLANG_WARN_UNREACHABLE_CODE = YES;
				CLANG_WARN__DUPLICATE_METHOD_MATCH = YES;
				COPY_PHASE_STRIP = NO;
				DEBUG_INFORMATION_FORMAT = "dwarf-with-dsym";
				ENABLE_NS_ASSERTIONS = NO;
				ENABLE_STRICT_OBJC_MSGSEND = YES;
				GCC_C_LANGUAGE_STANDARD = gnu11;
				GCC_NO_COMMON_BLOCKS = YES;
				GCC_WARN_64_TO_32_BIT_CONVERSION = YES;
				GCC_WARN_ABOUT_RETURN_TYPE = YES_ERROR;
				GCC_WARN_UNDECLARED_SELECTOR = YES;
				GCC_WARN_UNINITIALIZED_AUTOS = YES_AGGRESSIVE;
				GCC_WARN_UNUSED_FUNCTION = YES;
				GCC_WARN_UNUSED_VARIABLE = YES;
				MTL_ENABLE_DEBUG_INFO = NO;
				MTL_FAST_MATH = YES;
				SDKROOT = appletvos;
				SWIFT_COMPILATION_MODE = wholemodule;
				SWIFT_OPTIMIZATION_LEVEL = "-O";
				TVOS_DEPLOYMENT_TARGET = 14.5;
				VALIDATE_PRODUCT = YES;
			};
			name = Release;
		};
		73777A7126C4F72D00DBA038 /* Debug */ = {
			isa = XCBuildConfiguration;
			buildSettings = {
				ASSETCATALOG_COMPILER_APPICON_NAME = "App Icon & Top Shelf Image";
				ASSETCATALOG_COMPILER_GLOBAL_ACCENT_COLOR_NAME = AccentColor;
				CLANG_ENABLE_MODULES = YES;
				CODE_SIGN_STYLE = Automatic;
				INFOPLIST_FILE = kse/Info.plist;
				LD_RUNPATH_SEARCH_PATHS = (
					"$(inherited)",
					"@executable_path/Frameworks",
				);
				PRODUCT_BUNDLE_IDENTIFIER = com.kse;
				PRODUCT_NAME = "$(TARGET_NAME)";
				SWIFT_OBJC_BRIDGING_HEADER = "kse/kse-Bridging-Header.h";
				SWIFT_OPTIMIZATION_LEVEL = "-Onone";
				SWIFT_VERSION = 5.0;
				TARGETED_DEVICE_FAMILY = 3;
			};
			name = Debug;
		};
		73777A7226C4F72D00DBA038 /* Release */ = {
			isa = XCBuildConfiguration;
			buildSettings = {
				ASSETCATALOG_COMPILER_APPICON_NAME = "App Icon & Top Shelf Image";
				ASSETCATALOG_COMPILER_GLOBAL_ACCENT_COLOR_NAME = AccentColor;
				CLANG_ENABLE_MODULES = YES;
				CODE_SIGN_STYLE = Automatic;
				INFOPLIST_FILE = kse/Info.plist;
				LD_RUNPATH_SEARCH_PATHS = (
					"$(inherited)",
					"@executable_path/Frameworks",
				);
				PRODUCT_BUNDLE_IDENTIFIER = com.kse;
				PRODUCT_NAME = "$(TARGET_NAME)";
				SWIFT_OBJC_BRIDGING_HEADER = "kse/kse-Bridging-Header.h";
				SWIFT_VERSION = 5.0;
				TARGETED_DEVICE_FAMILY = 3;
			};
			name = Release;
		};
/* End XCBuildConfiguration section */

/* Begin XCConfigurationList section */
		73777A5926C4F72A00DBA038 /* Build configuration list for PBXProject "kse" */ = {
			isa = XCConfigurationList;
			buildConfigurations = (
				73777A6E26C4F72D00DBA038 /* Debug */,
				73777A6F26C4F72D00DBA038 /* Release */,
			);
			defaultConfigurationIsVisible = 0;
			defaultConfigurationName = Release;
		};
		73777A7026C4F72D00DBA038 /* Build configuration list for PBXNativeTarget "kse" */ = {
			isa = XCConfigurationList;
			buildConfigurations = (
				73777A7126C4F72D00DBA038 /* Debug */,
				73777A7226C4F72D00DBA038 /* Release */,
			);
			defaultConfigurationIsVisible = 0;
			defaultConfigurationName = Release;
		};
/* End XCConfigurationList section */
	};
	rootObject = 73777A5626C4F72A00DBA038 /* Project object */;
}
